
Microsoft Visual Studio Solution File, Format Version 12.00
# Visual Studio Version 17
VisualStudioVersion = 17.4.33122.133
MinimumVisualStudioVersion = 10.0.40219.1
Project("{8BC9CEB8-8B4A-11D0-8D11-00A0C91BC942}") = "string", "string\string.vcxproj", "{ED25B781-55C2-42DE-81EB-F00907F40EE3}"
EndProject
Global
	GlobalSection(SolutionConfigurationPlatforms) = preSolution
		Debug|x64 = Debug|x64
		Debug|x86 = Debug|x86
		Release|x64 = Release|x64
		Release|x86 = Release|x86
	EndGlobalSection
	GlobalSection(ProjectConfigurationPlatforms) = postSolution
		{ED25B781-55C2-42DE-81EB-F00907F40EE3}.Debug|x64.ActiveCfg = Debug|x64
		{ED25B781-55C2-42DE-81EB-F00907F40EE3}.Debug|x64.Build.0 = Debug|x64
		{ED25B781-55C2-42DE-81EB-F00907F40EE3}.Debug|x86.ActiveCfg = Debug|Win32
		{ED25B781-55C2-42DE-81EB-F00907F40EE3}.Debug|x86.Build.0 = Debug|Win32
		{ED25B781-55C2-42DE-81EB-F00907F40EE3}.Release|x64.ActiveCfg = Release|x64
		{ED25B781-55C2-42DE-81EB-F00907F40EE3}.Release|x64.Build.0 = Release|x64
		{ED25B781-55C2-42DE-81EB-F00907F40EE3}.Release|x86.ActiveCfg = Release|Win32
		{ED25B781-55C2-42DE-81EB-F00907F40EE3}.Release|x86.Build.0 = Release|Win32
	EndGlobalSection
	GlobalSection(SolutionProperties) = preSolution
		HideSolutionNode = FALSE
	EndGlobalSection
	GlobalSection(ExtensibilityGlobals) = postSolution
		SolutionGuid = {60570C71-0FF0-47B6-928A-D0D95BC0F7D7}
	EndGlobalSection
EndGlobal
